<?xml version="1.0" encoding="UTF-8" standalone="yes" ?>
<CodeBlocks_project_file>
	<FileVersion major="1" minor="6" />
	<Project>
		<Option title="MysteryGame" />
		<Option pch_mode="2" />
		<Option compiler="gcc" />
		<Build>
			<Target title="Debug">
				<Option output="bin/Windows/Debug/WizardGame" prefix_auto="1" extension_auto="1" />
				<Option object_output="obj/Windows/Debug/" />
				<Option type="1" />
				<Option compiler="gcc" />
				<Compiler>
					<Add option="-g" />
					<Add directory="K:/projects/games/mge/Mystery/windows" />
				</Compiler>
				<Linker>
					<Add library="mingw32" />
					<Add library="SDL2main" />
					<Add library="SDL2_image" />
					<Add library="SDL2_mixer" />
					<Add library="SDL2.dll" />
					<Add library="opengl32" />
					<Add library="glu32" />
					<Add library="user32" />
					<Add library="gdi32" />
					<Add library="winmm" />
					<Add library="dxguid" />
				</Linker>
			</Target>
			<Target title="Release">
				<Option output="bin/Windows/Release/WizardGame" prefix_auto="1" extension_auto="1" />
				<Option object_output="obj/Windows/Release/" />
				<Option type="1" />
				<Option compiler="gcc" />
				<Option use_console_runner="0" />
				<Compiler>
					<Add option="-O2" />
					<Add directory="K:/projects/games/mge/Mystery/windows" />
				</Compiler>
				<Linker>
					<Add option="-s" />
					<Add library="mingw32" />
					<Add library="opengl32" />
					<Add library="glu32" />
					<Add library="user32" />
					<Add library="gdi32" />
					<Add library="winmm" />
					<Add library="dxguid" />
					<Add library="SDL2main" />
					<Add library="SDL2_image" />
					<Add library="SDL2_mixer" />
					<Add library="SDL2.dll" />
				</Linker>
			</Target>
			<Target title="Editor">
				<Option output="bin/Windows/Editor/Editor" prefix_auto="1" extension_auto="1" />
				<Option object_output="obj/Windows/Editor/" />
				<Option type="1" />
				<Option compiler="gcc" />
				<Option use_console_runner="0" />
				<Compiler>
					<Add option="-g" />
					<Add directory="K:/projects/games/mge/Mystery/windows" />
				</Compiler>
				<Linker>
					<Add library="mingw32" />
					<Add library="opengl32" />
					<Add library="glu32" />
					<Add library="user32" />
					<Add library="gdi32" />
					<Add library="winmm" />
					<Add library="dxguid" />
					<Add library="SDL2main" />
					<Add library="SDL2_image" />
					<Add library="SDL2_mixer" />
					<Add library="SDL2.dll" />
				</Linker>
			</Target>
			<Target title="LinuxDebug">
				<Option platforms="Unix;" />
				<Option output="bin/Linux/Debug/WizardGame" prefix_auto="1" extension_auto="1" />
				<Option object_output="obj/Linux/Debug" />
				<Option type="1" />
				<Option compiler="gcc" />
				<Option use_console_runner="0" />
				<Compiler>
					<Add option="-g" />
					<Add directory="K:/projects/games/mge/Mystery/windows" />
				</Compiler>
				<Linker>
					<Add library="mingw32" />
					<Add library="SDLmain" />
					<Add library="SDL_image" />
					<Add library="SDL_mixer" />
					<Add library="SDL.dll" />
					<Add library="opengl32" />
					<Add library="glu32" />
					<Add library="user32" />
					<Add library="gdi32" />
					<Add library="winmm" />
					<Add library="dxguid" />
				</Linker>
			</Target>
			<Target title="LinuxEditor">
				<Option platforms="Unix;" />
				<Option output="bin/Linux/Editor/Editor" prefix_auto="1" extension_auto="1" />
				<Option object_output="obj/Linux/Editor" />
				<Option type="1" />
				<Option compiler="gcc" />
				<Option use_console_runner="0" />
				<Compiler>
					<Add option="-g" />
					<Add directory="/media/DATA/projects/games/mge/Mystery/" />
					<Add directory="/usr/include/SDL" />
					<Add directory="/usr/include/GL" />
					<Add directory="K:/projects/games/mge/Mystery/linux" />
				</Compiler>
				<Linker>
					<Add library="SDLmain" />
					<Add library="SDL_image" />
					<Add library="SDL_mixer" />
					<Add library="GL" />
					<Add library="GLU" />
					<Add directory="/media/DATA/projects/games/mge/Mystery/lib" />
				</Linker>
			</Target>
		</Build>
		<Compiler>
			<Add option="-Wall" />
			<Add directory="K:/projects/games/mge/Mystery/" />
			<Add directory="$(#boost)" />
			<Add directory="$(#boost.include)" />
			<Add directory="$(#sdl.include)" />
			<Add directory="$(#sdl_mixer.include)" />
			<Add directory="$(#sdl_image.include)" />
		</Compiler>
		<Linker>
			<Add option="`sdl-config --cflags` `sdl-config --libs`" />
			<Add directory="K:/projects/games/mge/Mystery/lib" />
			<Add directory="$(#boost.lib)" />
			<Add directory="$(#sdl.lib)" />
			<Add directory="$(#sdl_image.lib)" />
			<Add directory="$(#sdl_mixer.lib)" />
		</Linker>
		<Unit filename="bae/BasicAudioEngine.cpp" />
		<Unit filename="bae/BasicAudioEngine.h" />
		<Unit filename="d3re/ContainerRenderModel.cpp" />
		<Unit filename="d3re/ContainerRenderModel.h" />
		<Unit filename="d3re/D3DummyObject.h" />
		<Unit filename="d3re/D3HeightmapRenderModel.cpp" />
		<Unit filename="d3re/D3HeightmapRenderModel.h" />
		<Unit filename="d3re/D3HudRenderModel.cpp" />
		<Unit filename="d3re/D3HudRenderModel.h" />
		<Unit filename="d3re/D3PrismRenderModel.cpp" />
		<Unit filename="d3re/D3PrismRenderModel.h" />
		<Unit filename="d3re/D3RenderEngine.cpp" />
		<Unit filename="d3re/D3RenderEngine.h" />
		<Unit filename="d3re/D3SpriteRenderModel.cpp" />
		<Unit filename="d3re/D3SpriteRenderModel.h" />
		<Unit filename="d3re/D3XZSpriteRenderModel.cpp" />
		<Unit filename="d3re/D3XZSpriteRenderModel.h" />
		<Unit filename="d3re/TextFx.cpp" />
		<Unit filename="d3re/TextFx.h" />
		<Unit filename="d3re/TextRenderer.cpp" />
		<Unit filename="d3re/TextRenderer.h" />
		<Unit filename="d3re/d3re.h" />
		<Unit filename="editor/EditorCursor.cpp">
			<Option target="Editor" />
			<Option target="LinuxEditor" />
		</Unit>
		<Unit filename="editor/EditorCursor.h">
			<Option target="Editor" />
			<Option target="LinuxEditor" />
		</Unit>
		<Unit filename="editor/EditorHudButton.h">
			<Option target="Editor" />
			<Option target="LinuxEditor" />
		</Unit>
		<Unit filename="editor/EditorManager.cpp">
			<Option target="Editor" />
			<Option target="LinuxEditor" />
		</Unit>
		<Unit filename="editor/EditorManager.h">
			<Option target="Editor" />
			<Option target="LinuxEditor" />
		</Unit>
		<Unit filename="editor/SelectionRenderModel.h">
			<Option target="Editor" />
			<Option target="LinuxEditor" />
		</Unit>
		<Unit filename="editor/editor.cpp">
			<Option target="Editor" />
			<Option target="LinuxEditor" />
		</Unit>
		<Unit filename="editor/editor_defs.h">
			<Option target="Editor" />
			<Option target="LinuxEditor" />
		</Unit>
		<Unit filename="game/GameManager.cpp" />
		<Unit filename="game/GameManager.h" />
		<Unit filename="game/ObjectFactory.cpp" />
		<Unit filename="game/ObjectFactory.h" />
		<Unit filename="game/Player.cpp" />
		<Unit filename="game/Player.h" />
		<Unit filename="game/alchemy/Alchemy.cpp" />
		<Unit filename="game/alchemy/Alchemy.h" />
		<Unit filename="game/character/Action.h" />
		<Unit filename="game/character/Character.cpp" />
		<Unit filename="game/character/Character.h" />
		<Unit filename="game/character/WanderAction.cpp" />
		<Unit filename="game/character/WanderAction.h" />
		<Unit filename="game/game.cpp">
			<Option target="Debug" />
			<Option target="Release" />
			<Option target="LinuxDebug" />
		</Unit>
		<Unit filename="game/game.h" />
		<Unit filename="game/game_defs.h" />
		<Unit filename="game/gui/Draggable.cpp" />
		<Unit filename="game/gui/Draggable.h" />
		<Unit filename="game/gui/DraggableHud.cpp" />
		<Unit filename="game/gui/DraggableHud.h" />
		<Unit filename="game/gui/TextDisplay.cpp" />
		<Unit filename="game/gui/TextDisplay.h" />
		<Unit filename="game/items/Item.cpp" />
		<Unit filename="game/items/Item.h" />
		<Unit filename="game/registration.cpp" />
		<Unit filename="game/spells/ElementalVolume.cpp" />
		<Unit filename="game/spells/ElementalVolume.h" />
		<Unit filename="game/spells/FlowSpell.cpp" />
		<Unit filename="game/spells/FlowSpell.h" />
		<Unit filename="game/spells/ForceField.h" />
		<Unit filename="game/spells/SourceSinkSpell.cpp" />
		<Unit filename="game/spells/SourceSinkSpell.h" />
		<Unit filename="game/spells/Spell.h" />
		<Unit filename="game/spells/WaterElementalVolume.cpp" />
		<Unit filename="game/spells/WaterElementalVolume.h" />
		<Unit filename="game/world/AreaLinkObject.cpp" />
		<Unit filename="game/world/AreaLinkObject.h" />
		<Unit filename="game/world/HmapSurface.cpp" />
		<Unit filename="game/world/HmapSurface.h" />
		<Unit filename="game/world/SimplePhysicsObject.cpp" />
		<Unit filename="game/world/SimplePhysicsObject.h" />
		<Unit filename="game/world/SimpleResettableObject.cpp" />
		<Unit filename="game/world/SimpleResettableObject.h" />
		<Unit filename="game/world/Wall.cpp" />
		<Unit filename="game/world/Wall.h" />
		<Unit filename="game/world/Water.cpp" />
		<Unit filename="game/world/Water.h" />
		<Unit filename="linux/pgl.h">
			<Option target="LinuxDebug" />
			<Option target="LinuxEditor" />
		</Unit>
		<Unit filename="main.cpp" />
		<Unit filename="mge/AudioEngine.h" />
		<Unit filename="mge/Clock.h" />
		<Unit filename="mge/Event.h" />
		<Unit filename="mge/GameObject.h" />
		<Unit filename="mge/Image.h" />
		<Unit filename="mge/ModularEngine.cpp" />
		<Unit filename="mge/ModularEngine.h" />
		<Unit filename="mge/PhysicsEngine.h" />
		<Unit filename="mge/PhysicsModel.h" />
		<Unit filename="mge/PixelMap.cpp" />
		<Unit filename="mge/PixelMap.h" />
		<Unit filename="mge/RenderEngine.h" />
		<Unit filename="mge/RenderModel.h" />
		<Unit filename="mge/WorldEngine.h" />
		<Unit filename="mge/defs.cpp" />
		<Unit filename="mge/defs.h" />
		<Unit filename="pwe/PartitionedWorldEngine.cpp" />
		<Unit filename="pwe/PartitionedWorldEngine.h" />
		<Unit filename="tpe/CollisionModel.cpp" />
		<Unit filename="tpe/CollisionModel.h" />
		<Unit filename="tpe/TimePhysicsEngine.cpp" />
		<Unit filename="tpe/TimePhysicsEngine.h" />
		<Unit filename="tpe/TimePhysicsModel.cpp" />
		<Unit filename="tpe/TimePhysicsModel.h" />
		<Unit filename="tpe/tpe.h" />
		<Unit filename="windows/pgl.h">
			<Option target="Debug" />
			<Option target="Release" />
			<Option target="Editor" />
		</Unit>
		<Extensions>
			<code_completion />
			<debugger />
			<envvars />
		</Extensions>
	</Project>
</CodeBlocks_project_file>
